{
  "version": 4,
  "terraform_version": "1.4.0",
  "serial": 10,
  "lineage": "b1f29408-0498-cb5c-a9ca-5e0ea4c7dedd",
  "outputs": {
    "ip_address": {
      "value": "159.203.33.199",
      "type": "string"
    }
  },
  "resources": [
    {
      "mode": "managed",
      "type": "digitalocean_droplet",
      "name": "disco-fever",
      "provider": "provider[\"registry.terraform.io/digitalocean/digitalocean\"]",
      "instances": [
        {
          "schema_version": 1,
          "attributes": {
            "backups": false,
            "created_at": "2023-03-16T20:09:01Z",
            "disk": 25,
            "droplet_agent": null,
            "graceful_shutdown": false,
            "id": "345782006",
            "image": "ubuntu-22-04-x64",
            "ipv4_address": "159.203.33.199",
            "ipv4_address_private": "10.118.0.2",
            "ipv6": false,
            "ipv6_address": "",
            "locked": false,
            "memory": 1024,
            "monitoring": false,
            "name": "disco-fever",
            "price_hourly": 0.00893,
            "price_monthly": 6,
            "private_networking": true,
            "region": "tor1",
            "resize_disk": true,
            "size": "s-1vcpu-1gb",
            "ssh_keys": null,
            "status": "active",
            "tags": null,
            "timeouts": null,
            "urn": "do:droplet:345782006",
            "user_data": "d273d40996bfa026b40fc72b2727ec3f915d2363",
            "vcpus": 1,
            "volume_ids": [],
            "vpc_uuid": "16ab1614-ad65-4bab-94a2-54b42d3e9cba"
          },
          "sensitive_attributes": [],
          "private": "eyJlMmJmYjczMC1lY2FhLTExZTYtOGY4OC0zNDM2M2JjN2M0YzAiOnsiY3JlYXRlIjozNjAwMDAwMDAwMDAwLCJkZWxldGUiOjYwMDAwMDAwMDAwLCJ1cGRhdGUiOjM2MDAwMDAwMDAwMDB9LCJzY2hlbWFfdmVyc2lvbiI6IjEifQ=="
        }
      ]
    }
  ],
  "check_results": null
}
